<?xml version="1.0" encoding="UTF-8" standalone="yes" ?>
<CodeBlocks_project_file>
	<FileVersion major="1" minor="6" />
	<Project>
		<Option title="vegastrike" />
		<Option pch_mode="2" />
		<Option compiler="msvctk" />
		<Build>
			<Target title="Release Win32">
				<Option output="..\win32\bin\vegastrikeRVC7" prefix_auto="1" extension_auto="1" />
				<Option object_output="vegastrike_Win32_Release" />
				<Option type="0" />
				<Option compiler="msvctk" />
				<Compiler>
					<Add option="/MD" />
					<Add option="/GR" />
					<Add option="/O2" />
					<Add option="/Zi" />
					<Add option="/Zm500" />
					<Add option="/EHsc" />
					<Add option="/DNDEBUG" />
					<Add option="/DWIN32" />
					<Add option="/D_WINDOWS" />
					<Add option="/DHAVE_AL" />
					<Add option="/DHAVE_FFMPEG" />
					<Add option="/DHAVE_SDL" />
					<Add option="/DYY_ALWAYS_INTERACTIVE" />
					<Add option="/DSDL_WINDOWING" />
					<Add option="/DHAVE_OGG" />
					<Add option="/DHAVE_BOOST" />
					<Add option="/DHAVE_PYTHON" />
					<Add option="/DJPEG_SUPPORT" />
					<Add option="/DBOOST_PYTHON_NO_PY_SIGNATURES" />
					<Add option="/DBOOST_PYTHON_STATIC_LIB" />
					<Add option="/DBOOST_ALL_NO_LIB" />
					<Add option="/DOPCODE_COLLIDER" />
					<Add directory="include\" />
					<Add directory="include\python\" />
					<Add directory=".\" />
					<Add directory="..\vegastrike\boost\1_35\" />
					<Add directory="..\vegastrike\src\" />
					<Add directory="..\vegastrike\vc98\" />
					<Add directory="..\vegastrike\src\cmd\collide2" />
					<Add directory="ffmpeg\include\" />
					<Add directory="ffmpeg\include\ffmpeg\" />
				</Compiler>
				<ResourceCompiler>
					<Add directory="include\" />
					<Add directory="include\python\" />
					<Add directory=".\" />
					<Add directory="..\vegastrike\boost\1_35\" />
					<Add directory="..\vegastrike\src\" />
					<Add directory="..\vegastrike\vc98\" />
					<Add directory="..\vegastrike\src\cmd\collide2" />
					<Add directory="ffmpeg\include\" />
					<Add directory="ffmpeg\include\ffmpeg\" />
				</ResourceCompiler>
				<Linker>
					<Add option="/NODEFAULTLIB:libc" />
					<Add option="/NODEFAULTLIB:libcd" />
					<Add option="/NODEFAULTLIB:msvcrtd" />
					<Add option="/debug" />
					<Add option="/INCREMENTAL:NO" />
					<Add library="openal32" />
					<Add library="glut32" />
					<Add library="sdl" />
					<Add library="sdlmain" />
					<Add library="vorbis_static" />
					<Add library="vorbisfile_static" />
					<Add library="ogg_static" />
					<Add library="expat" />
					<Add library="libpng3" />
					<Add library="glib-1.3" />
					<Add library="alut" />
					<Add library="wsock32" />
					<Add library="python25" />
					<Add library="avcodec" />
					<Add library="avdevice" />
					<Add library="avformat" />
					<Add library="swscale" />
					<Add library="avutil" />
					<Add directory="..\vegastrike\vc98\" />
					<Add directory="lib\" />
					<Add directory="vssetup\libs\" />
					<Add directory="ffmpeg\lib\" />
				</Linker>
			</Target>
			<Target title="Debug GLUT Win32">
				<Option output="..\win32\bin\vegastrikeG" prefix_auto="1" extension_auto="1" />
				<Option object_output="vegastrike___Win32_Debug_GLUT" />
				<Option type="1" />
				<Option compiler="msvctk" />
				<Compiler>
					<Add option="/D_DEBUG" />
					<Add option="/DYY_NEVER_INTERACTIVE" />
					<Add option="/DBOOST_DEBUG_PYTHON" />
					<Add option="/DWIN32" />
					<Add option="/D_WINDOWS" />
					<Add option="/DHAVE_AL" />
					<Add option="/DHAVE_FFMPEG" />
					<Add option="/DYY_ALWAYS_INTERACTIVE" />
					<Add option="/DHAVE_BOOST" />
					<Add option="/DHAVE_PYTHON" />
					<Add option="/DHAVE_OGG" />
					<Add option="/DJPEG_SUPPORT" />
					<Add option="/DBOOST_PYTHON_NO_PY_SIGNATURES" />
					<Add option="/DBOOST_PYTHON_STATIC_LIB" />
					<Add option="/DBOOST_ALL_NO_LIB" />
					<Add option="/DOPCODE_COLLIDER" />
					<Add option="/W" />
					<Add option="/ZI" />
					<Add option="/Od" />
					<Add option="/MDd" />
					<Add option="/GR" />
					<Add option="/Zm500" />
					<Add directory="include\" />
					<Add directory="include\python\" />
					<Add directory=".\" />
					<Add directory="..\vegastrike\boost\1_35\" />
					<Add directory="..\vegastrike\src\" />
					<Add directory="..\vegastrike\vc98\" />
					<Add directory="..\vegastrike\src\cmd\collide2" />
					<Add directory="ffmpeg\include\" />
					<Add directory="ffmpeg\include\ffmpeg\" />
				</Compiler>
				<ResourceCompiler>
					<Add directory="include\" />
					<Add directory="include\python\" />
					<Add directory=".\" />
					<Add directory="..\vegastrike\boost\1_35\" />
					<Add directory="..\vegastrike\src\" />
					<Add directory="..\vegastrike\vc98\" />
					<Add directory="..\vegastrike\src\cmd\collide2" />
					<Add directory="ffmpeg\include\" />
					<Add directory="ffmpeg\include\ffmpeg\" />
				</ResourceCompiler>
				<Linker>
					<Add option="/debug" />
					<Add library="glib-1.3" />
					<Add library="openal32" />
					<Add library="glut32" />
					<Add library="vorbis_static" />
					<Add library="vorbisfile_static" />
					<Add library="ogg_static" />
					<Add library="expat" />
					<Add library="alut" />
					<Add library="libpng3" />
					<Add library="wsock32" />
					<Add library="libjpegd" />
					<Add library="python25_d" />
					<Add library="avcodec" />
					<Add library="avdevice" />
					<Add library="avformat" />
					<Add library="swscale" />
					<Add library="avutil" />
					<Add directory="..\vegastrike\vc98\" />
					<Add directory="lib\" />
					<Add directory="vssetup\libs\" />
					<Add directory="ffmpeg\lib\" />
				</Linker>
			</Target>
			<Target title="Release GLUT Win32">
				<Option output="..\win32\bin\vegastrikeGR" prefix_auto="1" extension_auto="1" />
				<Option object_output="vegastrike___Win32_Release_GLUT" />
				<Option type="1" />
				<Option compiler="msvctk" />
				<Compiler>
					<Add option="/DNDEBUG" />
					<Add option="/DWIN32" />
					<Add option="/D_WINDOWS" />
					<Add option="/DHAVE_AL" />
					<Add option="/DHAVE_FFMPEG" />
					<Add option="/DYY_ALWAYS_INTERACTIVE" />
					<Add option="/DHAVE_BOOST" />
					<Add option="/DHAVE_PYTHON" />
					<Add option="/DHAVE_OGG" />
					<Add option="/DJPEG_SUPPORT" />
					<Add option="/DBOOST_PYTHON_NO_PY_SIGNATURES" />
					<Add option="/DBOOST_PYTHON_STATIC_LIB" />
					<Add option="/DBOOST_ALL_NO_LIB" />
					<Add option="/DOPCODE_COLLIDER" />
					<Add option="/W" />
					<Add option="/Zi" />
					<Add option="/Ob1" />
					<Add option="/O2" />
					<Add option="/MD" />
					<Add option="/GR" />
					<Add option="/Zm500" />
					<Add directory="include\" />
					<Add directory="include\python\" />
					<Add directory=".\" />
					<Add directory="..\vegastrike\boost\1_35\" />
					<Add directory="..\vegastrike\src\" />
					<Add directory="..\vegastrike\vc98\" />
					<Add directory="..\vegastrike\src\cmd\collide2" />
					<Add directory="ffmpeg\include\" />
					<Add directory="ffmpeg\include\ffmpeg\" />
				</Compiler>
				<ResourceCompiler>
					<Add directory="include\" />
					<Add directory="include\python\" />
					<Add directory=".\" />
					<Add directory="..\vegastrike\boost\1_35\" />
					<Add directory="..\vegastrike\src\" />
					<Add directory="..\vegastrike\vc98\" />
					<Add directory="..\vegastrike\src\cmd\collide2" />
					<Add directory="ffmpeg\include\" />
					<Add directory="ffmpeg\include\ffmpeg\" />
				</ResourceCompiler>
				<Linker>
					<Add option="/debug" />
					<Add option="/INCREMENTAL:NO" />
					<Add library="openal32" />
					<Add library="glut32" />
					<Add library="vorbis_static" />
					<Add library="vorbisfile_static" />
					<Add library="ogg_static" />
					<Add library="expat" />
					<Add library="libpng3" />
					<Add library="glib-1.3" />
					<Add library="alut" />
					<Add library="python25" />
					<Add library="wsock32" />
					<Add library="libjpeg" />
					<Add library="avcodec" />
					<Add library="avdevice" />
					<Add library="avformat" />
					<Add library="swscale" />
					<Add library="avutil" />
					<Add directory="..\vegastrike\vc98\" />
					<Add directory="lib\" />
					<Add directory="vssetup\libs\" />
					<Add directory="ffmpeg\lib\" />
				</Linker>
			</Target>
			<Target title="Debug Win32">
				<Option output="..\win32\bin\vegastrikeDVC7" prefix_auto="1" extension_auto="1" />
				<Option object_output="vegastrike_Win32_Debug" />
				<Option type="0" />
				<Option compiler="msvctk" />
				<Compiler>
					<Add option="/D_DEBUG" />
					<Add option="/DNDEBUG" />
					<Add option="/DYY_NEVER_INTERACTIVE" />
					<Add option="/DBOOST_DEBUG_PYTHON" />
					<Add option="/DWIN32" />
					<Add option="/D_WINDOWS" />
					<Add option="/DHAVE_AL" />
					<Add option="/DHAVE_FFMPEG" />
					<Add option="/DHAVE_SDL" />
					<Add option="/DYY_ALWAYS_INTERACTIVE" />
					<Add option="/DSDL_WINDOWING" />
					<Add option="/DHAVE_BOOST" />
					<Add option="/DHAVE_PYTHON" />
					<Add option="/DHAVE_OGG" />
					<Add option="/DJPEG_SUPPORT" />
					<Add option="/DBOOST_PYTHON_NO_PY_SIGNATURES" />
					<Add option="/DBOOST_PYTHON_STATIC_LIB" />
					<Add option="/DBOOST_ALL_NO_LIB" />
					<Add option="/DOPCODE_COLLIDER" />
					<Add option="/W3" />
					<Add option="/ZI" />
					<Add option="/Od" />
					<Add option="/MDd" />
					<Add option="/GR" />
					<Add option="/Zm5000" />
					<Add directory="include\" />
					<Add directory="include\python\" />
					<Add directory=".\" />
					<Add directory="..\vegastrike\boost\1_35\" />
					<Add directory="..\vegastrike\src\" />
					<Add directory="..\vegastrike\vc98\" />
					<Add directory="..\vegastrike\src\cmd\collide2" />
					<Add directory="ffmpeg\include\" />
					<Add directory="ffmpeg\include\ffmpeg\" />
				</Compiler>
				<ResourceCompiler>
					<Add directory="include\" />
					<Add directory="include\python\" />
					<Add directory=".\" />
					<Add directory="..\vegastrike\boost\1_35\" />
					<Add directory="..\vegastrike\src\" />
					<Add directory="..\vegastrike\vc98\" />
					<Add directory="..\vegastrike\src\cmd\collide2" />
					<Add directory="ffmpeg\include\" />
					<Add directory="ffmpeg\include\ffmpeg\" />
				</ResourceCompiler>
				<Linker>
					<Add option="/NODEFAULTLIB:libc" />
					<Add option="/NODEFAULTLIB:libcd" />
					<Add option="/NODEFAULTLIB:msvcrt" />
					<Add option="/debug" />
					<Add library="glib-1.3" />
					<Add library="openal32" />
					<Add library="glut32" />
					<Add library="sdl" />
					<Add library="sdlmain" />
					<Add library="vorbis_static" />
					<Add library="vorbisfile_static" />
					<Add library="ogg_static" />
					<Add library="expat" />
					<Add library="alut" />
					<Add library="libpng3" />
					<Add library="wsock32" />
					<Add library="python25_d" />
					<Add library="avcodec" />
					<Add library="avdevice" />
					<Add library="avformat" />
					<Add library="swscale" />
					<Add library="avutil" />
					<Add directory="..\vegastrike\vc98\" />
					<Add directory="lib\" />
					<Add directory="vssetup\libs\" />
					<Add directory="ffmpeg\lib\" />
				</Linker>
			</Target>
		</Build>
		<Unit filename="config.h" />
		<Unit filename="jpeg-6b\jcapimin.cpp" />
		<Unit filename="jpeg-6b\jcapistd.cpp" />
		<Unit filename="jpeg-6b\jccoefct.cpp" />
		<Unit filename="jpeg-6b\jccolor.cpp" />
		<Unit filename="jpeg-6b\jcdctmgr.cpp" />
		<Unit filename="jpeg-6b\jchuff.cpp" />
		<Unit filename="jpeg-6b\jchuff.h" />
		<Unit filename="jpeg-6b\jcinit.cpp" />
		<Unit filename="jpeg-6b\jcmainct.cpp" />
		<Unit filename="jpeg-6b\jcmarker.cpp" />
		<Unit filename="jpeg-6b\jcmaster.cpp" />
		<Unit filename="jpeg-6b\jcomapi.cpp" />
		<Unit filename="jpeg-6b\jcparam.cpp" />
		<Unit filename="jpeg-6b\jcphuff.cpp" />
		<Unit filename="jpeg-6b\jcprepct.cpp" />
		<Unit filename="jpeg-6b\jcsample.cpp" />
		<Unit filename="jpeg-6b\jctrans.cpp" />
		<Unit filename="jpeg-6b\jdapimin.cpp" />
		<Unit filename="jpeg-6b\jdapistd.cpp" />
		<Unit filename="jpeg-6b\jdatadst.cpp" />
		<Unit filename="jpeg-6b\jdatasrc.cpp" />
		<Unit filename="jpeg-6b\jdcoefct.cpp" />
		<Unit filename="jpeg-6b\jdcolor.cpp" />
		<Unit filename="jpeg-6b\jdct.h" />
		<Unit filename="jpeg-6b\jddctmgr.cpp" />
		<Unit filename="jpeg-6b\jdhuff.cpp" />
		<Unit filename="jpeg-6b\jdhuff.h" />
		<Unit filename="jpeg-6b\jdinput.cpp" />
		<Unit filename="jpeg-6b\jdmainct.cpp" />
		<Unit filename="jpeg-6b\jdmarker.cpp" />
		<Unit filename="jpeg-6b\jdmaster.cpp" />
		<Unit filename="jpeg-6b\jdmerge.cpp" />
		<Unit filename="jpeg-6b\jdphuff.cpp" />
		<Unit filename="jpeg-6b\jdpostct.cpp" />
		<Unit filename="jpeg-6b\jdsample.cpp" />
		<Unit filename="jpeg-6b\jdtrans.cpp" />
		<Unit filename="jpeg-6b\jerror.cpp" />
		<Unit filename="jpeg-6b\jerror.h" />
		<Unit filename="jpeg-6b\jfdctflt.cpp" />
		<Unit filename="jpeg-6b\jfdctfst.cpp" />
		<Unit filename="jpeg-6b\jfdctint.cpp" />
		<Unit filename="jpeg-6b\jidctflt.cpp" />
		<Unit filename="jpeg-6b\jidctfst.cpp" />
		<Unit filename="jpeg-6b\jidctint.cpp" />
		<Unit filename="jpeg-6b\jidctred.cpp" />
		<Unit filename="jpeg-6b\jinclude.h" />
		<Unit filename="jpeg-6b\jmemmgr.cpp" />
		<Unit filename="jpeg-6b\jmemnobs.cpp" />
		<Unit filename="jpeg-6b\jmemsys.h" />
		<Unit filename="jpeg-6b\jmorecfg.h" />
		<Unit filename="jpeg-6b\jquant1.cpp" />
		<Unit filename="jpeg-6b\jquant2.cpp" />
		<Unit filename="jpeg-6b\jutils.cpp" />
		<Unit filename="..\vegastrike\Resources.rc">
			<Option compilerVar="WINDRES" />
		</Unit>
		<Unit filename="..\vegastrike\boost\1_35\src\converter\arg_to_python_base.cpp" />
		<Unit filename="..\vegastrike\boost\1_35\src\converter\builtin_converters.cpp" />
		<Unit filename="..\vegastrike\boost\1_35\src\converter\from_python.cpp" />
		<Unit filename="..\vegastrike\boost\1_35\src\converter\registry.cpp" />
		<Unit filename="..\vegastrike\boost\1_35\src\converter\type_id.cpp" />
		<Unit filename="..\vegastrike\boost\1_35\src\dict.cpp" />
		<Unit filename="..\vegastrike\boost\1_35\src\errors.cpp" />
		<Unit filename="..\vegastrike\boost\1_35\src\exec.cpp" />
		<Unit filename="..\vegastrike\boost\1_35\src\import.cpp" />
		<Unit filename="..\vegastrike\boost\1_35\src\list.cpp" />
		<Unit filename="..\vegastrike\boost\1_35\src\long.cpp" />
		<Unit filename="..\vegastrike\boost\1_35\src\module.cpp" />
		<Unit filename="..\vegastrike\boost\1_35\src\numeric.cpp" />
		<Unit filename="..\vegastrike\boost\1_35\src\object\class.cpp" />
		<Unit filename="..\vegastrike\boost\1_35\src\object\enum.cpp" />
		<Unit filename="..\vegastrike\boost\1_35\src\object\function.cpp" />
		<Unit filename="..\vegastrike\boost\1_35\src\object\function_doc_signature.cpp" />
		<Unit filename="..\vegastrike\boost\1_35\src\object\inheritance.cpp" />
		<Unit filename="..\vegastrike\boost\1_35\src\object\iterator.cpp" />
		<Unit filename="..\vegastrike\boost\1_35\src\object\life_support.cpp" />
		<Unit filename="..\vegastrike\boost\1_35\src\object\pickle_support.cpp" />
		<Unit filename="..\vegastrike\boost\1_35\src\object\stl_iterator.cpp" />
		<Unit filename="..\vegastrike\boost\1_35\src\object_operators.cpp" />
		<Unit filename="..\vegastrike\boost\1_35\src\object_protocol.cpp" />
		<Unit filename="..\vegastrike\boost\1_35\src\slice.cpp" />
		<Unit filename="..\vegastrike\boost\1_35\src\str.cpp" />
		<Unit filename="..\vegastrike\boost\1_35\src\tuple.cpp" />
		<Unit filename="..\vegastrike\boost\1_35\src\wrapper.cpp" />
		<Unit filename="..\vegastrike\cursor1.cur" />
		<Unit filename="..\vegastrike\icon2.ico" />
		<Unit filename="..\vegastrike\icon3.ico" />
		<Unit filename="..\vegastrike\resource.h" />
		<Unit filename="..\vegastrike\src\SharedPool.h" />
		<Unit filename="..\vegastrike\src\VSFileXMLSerializer.cpp" />
		<Unit filename="..\vegastrike\src\VSFileXMLSerializer.h" />
		<Unit filename="..\vegastrike\src\XMLDocument.cpp" />
		<Unit filename="..\vegastrike\src\XMLDocument.h" />
		<Unit filename="..\vegastrike\src\aldrv\al_globals.cpp" />
		<Unit filename="..\vegastrike\src\aldrv\al_globals.h" />
		<Unit filename="..\vegastrike\src\aldrv\al_init.cpp" />
		<Unit filename="..\vegastrike\src\aldrv\al_listen.cpp" />
		<Unit filename="..\vegastrike\src\aldrv\al_sound.cpp" />
		<Unit filename="..\vegastrike\src\audiolib.h" />
		<Unit filename="..\vegastrike\src\cmd\ai\aggressive.cpp" />
		<Unit filename="..\vegastrike\src\cmd\ai\aggressive.h" />
		<Unit filename="..\vegastrike\src\cmd\ai\comm_ai.cpp" />
		<Unit filename="..\vegastrike\src\cmd\ai\comm_ai.h" />
		<Unit filename="..\vegastrike\src\cmd\ai\communication.cpp" />
		<Unit filename="..\vegastrike\src\cmd\ai\communication.h" />
		<Unit filename="..\vegastrike\src\cmd\ai\communication_xml.cpp" />
		<Unit filename="..\vegastrike\src\cmd\ai\docking.cpp" />
		<Unit filename="..\vegastrike\src\cmd\ai\docking.h" />
		<Unit filename="..\vegastrike\src\cmd\ai\event_xml.cpp" />
		<Unit filename="..\vegastrike\src\cmd\ai\event_xml.h" />
		<Unit filename="..\vegastrike\src\cmd\ai\fire.cpp" />
		<Unit filename="..\vegastrike\src\cmd\ai\fire.h" />
		<Unit filename="..\vegastrike\src\cmd\ai\fireall.cpp" />
		<Unit filename="..\vegastrike\src\cmd\ai\fireall.h" />
		<Unit filename="..\vegastrike\src\cmd\ai\firekeyboard.cpp" />
		<Unit filename="..\vegastrike\src\cmd\ai\firekeyboard.h" />
		<Unit filename="..\vegastrike\src\cmd\ai\flybywire.cpp" />
		<Unit filename="..\vegastrike\src\cmd\ai\flybywire.h" />
		<Unit filename="..\vegastrike\src\cmd\ai\flyjoystick.cpp" />
		<Unit filename="..\vegastrike\src\cmd\ai\flyjoystick.h" />
		<Unit filename="..\vegastrike\src\cmd\ai\flykeyboard.cpp" />
		<Unit filename="..\vegastrike\src\cmd\ai\flykeyboard.h" />
		<Unit filename="..\vegastrike\src\cmd\ai\hard_coded_scripts.cpp" />
		<Unit filename="..\vegastrike\src\cmd\ai\hard_coded_scripts.h" />
		<Unit filename="..\vegastrike\src\cmd\ai\ikarus.cpp" />
		<Unit filename="..\vegastrike\src\cmd\ai\ikarus.h" />
		<Unit filename="..\vegastrike\src\cmd\ai\input_dfa.cpp" />
		<Unit filename="..\vegastrike\src\cmd\ai\input_dfa.h" />
		<Unit filename="..\vegastrike\src\cmd\ai\missionscript.cpp" />
		<Unit filename="..\vegastrike\src\cmd\ai\missionscript.h" />
		<Unit filename="..\vegastrike\src\cmd\ai\navigation.cpp" />
		<Unit filename="..\vegastrike\src\cmd\ai\navigation.h" />
		<Unit filename="..\vegastrike\src\cmd\ai\order.cpp" />
		<Unit filename="..\vegastrike\src\cmd\ai\order.h" />
		<Unit filename="..\vegastrike\src\cmd\ai\order_comm.cpp" />
		<Unit filename="..\vegastrike\src\cmd\ai\script.cpp" />
		<Unit filename="..\vegastrike\src\cmd\ai\script.h" />
		<Unit filename="..\vegastrike\src\cmd\ai\tactics.cpp" />
		<Unit filename="..\vegastrike\src\cmd\ai\tactics.h" />
		<Unit filename="..\vegastrike\src\cmd\ai\turretai.cpp" />
		<Unit filename="..\vegastrike\src\cmd\ai\turretai.h" />
		<Unit filename="..\vegastrike\src\cmd\ai\warpto.cpp" />
		<Unit filename="..\vegastrike\src\cmd\ai\warpto.h" />
		<Unit filename="..\vegastrike\src\cmd\alphacurve.cpp" />
		<Unit filename="..\vegastrike\src\cmd\alphacurve.h" />
		<Unit filename="..\vegastrike\src\cmd\asteroid.cpp" />
		<Unit filename="..\vegastrike\src\cmd\asteroid.h" />
		<Unit filename="..\vegastrike\src\cmd\asteroid_generic.cpp" />
		<Unit filename="..\vegastrike\src\cmd\asteroid_generic.h" />
		<Unit filename="..\vegastrike\src\cmd\atmosphere.cpp" />
		<Unit filename="..\vegastrike\src\cmd\atmosphere.h" />
		<Unit filename="..\vegastrike\src\cmd\base.h" />
		<Unit filename="..\vegastrike\src\cmd\base_init.cpp" />
		<Unit filename="..\vegastrike\src\cmd\base_interface.cpp" />
		<Unit filename="..\vegastrike\src\cmd\base_util.cpp" />
		<Unit filename="..\vegastrike\src\cmd\base_util.h" />
		<Unit filename="..\vegastrike\src\cmd\base_write_python.cpp" />
		<Unit filename="..\vegastrike\src\cmd\base_xml.cpp" />
		<Unit filename="..\vegastrike\src\cmd\basecomputer.cpp" />
		<Unit filename="..\vegastrike\src\cmd\basecomputer.h" />
		<Unit filename="..\vegastrike\src\cmd\beam.cpp" />
		<Unit filename="..\vegastrike\src\cmd\beam.h" />
		<Unit filename="..\vegastrike\src\cmd\beam_generic.cpp" />
		<Unit filename="..\vegastrike\src\cmd\bolt.cpp" />
		<Unit filename="..\vegastrike\src\cmd\bolt.h" />
		<Unit filename="..\vegastrike\src\cmd\bolt_generic.cpp" />
		<Unit filename="..\vegastrike\src\cmd\briefing.cpp" />
		<Unit filename="..\vegastrike\src\cmd\briefing.h" />
		<Unit filename="..\vegastrike\src\cmd\building.cpp" />
		<Unit filename="..\vegastrike\src\cmd\building.h" />
		<Unit filename="..\vegastrike\src\cmd\building_generic.cpp" />
		<Unit filename="..\vegastrike\src\cmd\building_generic.h" />
		<Unit filename="..\vegastrike\src\cmd\click_list.cpp" />
		<Unit filename="..\vegastrike\src\cmd\click_list.h" />
		<Unit filename="..\vegastrike\src\cmd\collection.cpp" />
		<Unit filename="..\vegastrike\src\cmd\collection.h" />
		<Unit filename="..\vegastrike\src\cmd\collide.cpp" />
		<Unit filename="..\vegastrike\src\cmd\collide.h" />
		<Unit filename="..\vegastrike\src\cmd\collide2\CSopcodecollider.cpp" />
		<Unit filename="..\vegastrike\src\cmd\collide2\CSopcodecollider.h" />
		<Unit filename="..\vegastrike\src\cmd\collide2\Ice\IceAABB.cpp" />
		<Unit filename="..\vegastrike\src\cmd\collide2\Ice\IceAABB.h" />
		<Unit filename="..\vegastrike\src\cmd\collide2\Ice\IceAxes.h" />
		<Unit filename="..\vegastrike\src\cmd\collide2\Ice\IceBoundingSphere.h" />
		<Unit filename="..\vegastrike\src\cmd\collide2\Ice\IceContainer.cpp" />
		<Unit filename="..\vegastrike\src\cmd\collide2\Ice\IceContainer.h" />
		<Unit filename="..\vegastrike\src\cmd\collide2\Ice\IceFPU.h" />
		<Unit filename="..\vegastrike\src\cmd\collide2\Ice\IceHPoint.cpp" />
		<Unit filename="..\vegastrike\src\cmd\collide2\Ice\IceHPoint.h" />
		<Unit filename="..\vegastrike\src\cmd\collide2\Ice\IceIndexedTriangle.cpp" />
		<Unit filename="..\vegastrike\src\cmd\collide2\Ice\IceIndexedTriangle.h" />
		<Unit filename="..\vegastrike\src\cmd\collide2\Ice\IceLSS.h" />
		<Unit filename="..\vegastrike\src\cmd\collide2\Ice\IceMatrix3x3.cpp" />
		<Unit filename="..\vegastrike\src\cmd\collide2\Ice\IceMatrix3x3.h" />
		<Unit filename="..\vegastrike\src\cmd\collide2\Ice\IceMatrix4x4.cpp" />
		<Unit filename="..\vegastrike\src\cmd\collide2\Ice\IceMatrix4x4.h" />
		<Unit filename="..\vegastrike\src\cmd\collide2\Ice\IceMemoryMacros.h" />
		<Unit filename="..\vegastrike\src\cmd\collide2\Ice\IceOBB.cpp" />
		<Unit filename="..\vegastrike\src\cmd\collide2\Ice\IceOBB.h" />
		<Unit filename="..\vegastrike\src\cmd\collide2\Ice\IcePairs.h" />
		<Unit filename="..\vegastrike\src\cmd\collide2\Ice\IcePlane.cpp" />
		<Unit filename="..\vegastrike\src\cmd\collide2\Ice\IcePlane.h" />
		<Unit filename="..\vegastrike\src\cmd\collide2\Ice\IcePoint.cpp" />
		<Unit filename="..\vegastrike\src\cmd\collide2\Ice\IcePoint.h" />
		<Unit filename="..\vegastrike\src\cmd\collide2\Ice\IcePreprocessor.h" />
		<Unit filename="..\vegastrike\src\cmd\collide2\Ice\IceRandom.cpp" />
		<Unit filename="..\vegastrike\src\cmd\collide2\Ice\IceRandom.h" />
		<Unit filename="..\vegastrike\src\cmd\collide2\Ice\IceRay.cpp" />
		<Unit filename="..\vegastrike\src\cmd\collide2\Ice\IceRay.h" />
		<Unit filename="..\vegastrike\src\cmd\collide2\Ice\IceRevisitedRadix.cpp" />
		<Unit filename="..\vegastrike\src\cmd\collide2\Ice\IceRevisitedRadix.h" />
		<Unit filename="..\vegastrike\src\cmd\collide2\Ice\IceSegment.cpp" />
		<Unit filename="..\vegastrike\src\cmd\collide2\Ice\IceSegment.h" />
		<Unit filename="..\vegastrike\src\cmd\collide2\Ice\IceTriangle.cpp" />
		<Unit filename="..\vegastrike\src\cmd\collide2\Ice\IceTriangle.h" />
		<Unit filename="..\vegastrike\src\cmd\collide2\Ice\IceTrilist.h" />
		<Unit filename="..\vegastrike\src\cmd\collide2\Ice\IceTypes.h" />
		<Unit filename="..\vegastrike\src\cmd\collide2\Ice\IceUtils.cpp" />
		<Unit filename="..\vegastrike\src\cmd\collide2\Ice\IceUtils.h" />
		<Unit filename="..\vegastrike\src\cmd\collide2\Ice\Stdafx.h" />
		<Unit filename="..\vegastrike\src\cmd\collide2\OPC_AABBCollider.cpp" />
		<Unit filename="..\vegastrike\src\cmd\collide2\OPC_AABBCollider.h" />
		<Unit filename="..\vegastrike\src\cmd\collide2\OPC_AABBTree.cpp" />
		<Unit filename="..\vegastrike\src\cmd\collide2\OPC_AABBTree.h" />
		<Unit filename="..\vegastrike\src\cmd\collide2\OPC_BaseModel.cpp" />
		<Unit filename="..\vegastrike\src\cmd\collide2\OPC_BaseModel.h" />
		<Unit filename="..\vegastrike\src\cmd\collide2\OPC_BoxBoxOverlap.h" />
		<Unit filename="..\vegastrike\src\cmd\collide2\OPC_BoxPruning.cpp" />
		<Unit filename="..\vegastrike\src\cmd\collide2\OPC_BoxPruning.h" />
		<Unit filename="..\vegastrike\src\cmd\collide2\OPC_Collider.cpp" />
		<Unit filename="..\vegastrike\src\cmd\collide2\OPC_Collider.h" />
		<Unit filename="..\vegastrike\src\cmd\collide2\OPC_Common.cpp" />
		<Unit filename="..\vegastrike\src\cmd\collide2\OPC_Common.h" />
		<Unit filename="..\vegastrike\src\cmd\collide2\OPC_HybridModel.cpp" />
		<Unit filename="..\vegastrike\src\cmd\collide2\OPC_HybridModel.h" />
		<Unit filename="..\vegastrike\src\cmd\collide2\OPC_IceHook.h" />
		<Unit filename="..\vegastrike\src\cmd\collide2\OPC_LSSAABBOverlap.h" />
		<Unit filename="..\vegastrike\src\cmd\collide2\OPC_LSSCollider.cpp" />
		<Unit filename="..\vegastrike\src\cmd\collide2\OPC_LSSCollider.h" />
		<Unit filename="..\vegastrike\src\cmd\collide2\OPC_LSSTriOverlap.h" />
		<Unit filename="..\vegastrike\src\cmd\collide2\OPC_MeshInterface.cpp" />
		<Unit filename="..\vegastrike\src\cmd\collide2\OPC_MeshInterface.h" />
		<Unit filename="..\vegastrike\src\cmd\collide2\OPC_Model.cpp" />
		<Unit filename="..\vegastrike\src\cmd\collide2\OPC_Model.h" />
		<Unit filename="..\vegastrike\src\cmd\collide2\OPC_OBBCollider.cpp" />
		<Unit filename="..\vegastrike\src\cmd\collide2\OPC_OBBCollider.h" />
		<Unit filename="..\vegastrike\src\cmd\collide2\OPC_OptimizedTree.cpp" />
		<Unit filename="..\vegastrike\src\cmd\collide2\OPC_OptimizedTree.h" />
		<Unit filename="..\vegastrike\src\cmd\collide2\OPC_Picking.cpp" />
		<Unit filename="..\vegastrike\src\cmd\collide2\OPC_Picking.h" />
		<Unit filename="..\vegastrike\src\cmd\collide2\OPC_PlanesAABBOverlap.h" />
		<Unit filename="..\vegastrike\src\cmd\collide2\OPC_PlanesCollider.cpp" />
		<Unit filename="..\vegastrike\src\cmd\collide2\OPC_PlanesCollider.h" />
		<Unit filename="..\vegastrike\src\cmd\collide2\OPC_PlanesTriOverlap.h" />
		<Unit filename="..\vegastrike\src\cmd\collide2\OPC_RayAABBOverlap.h" />
		<Unit filename="..\vegastrike\src\cmd\collide2\OPC_RayCollider.cpp" />
		<Unit filename="..\vegastrike\src\cmd\collide2\OPC_RayCollider.h" />
		<Unit filename="..\vegastrike\src\cmd\collide2\OPC_RayTriOverlap.h" />
		<Unit filename="..\vegastrike\src\cmd\collide2\OPC_Settings.h" />
		<Unit filename="..\vegastrike\src\cmd\collide2\OPC_SphereAABBOverlap.h" />
		<Unit filename="..\vegastrike\src\cmd\collide2\OPC_SphereCollider.cpp" />
		<Unit filename="..\vegastrike\src\cmd\collide2\OPC_SphereCollider.h" />
		<Unit filename="..\vegastrike\src\cmd\collide2\OPC_SphereTriOverlap.h" />
		<Unit filename="..\vegastrike\src\cmd\collide2\OPC_SweepAndPrune.cpp" />
		<Unit filename="..\vegastrike\src\cmd\collide2\OPC_SweepAndPrune.h" />
		<Unit filename="..\vegastrike\src\cmd\collide2\OPC_TreeBuilders.cpp" />
		<Unit filename="..\vegastrike\src\cmd\collide2\OPC_TreeBuilders.h" />
		<Unit filename="..\vegastrike\src\cmd\collide2\OPC_TreeCollider.cpp" />
		<Unit filename="..\vegastrike\src\cmd\collide2\OPC_TreeCollider.h" />
		<Unit filename="..\vegastrike\src\cmd\collide2\OPC_TriBoxOverlap.h" />
		<Unit filename="..\vegastrike\src\cmd\collide2\OPC_TriTriOverlap.h" />
		<Unit filename="..\vegastrike\src\cmd\collide2\OPC_VolumeCollider.cpp" />
		<Unit filename="..\vegastrike\src\cmd\collide2\OPC_VolumeCollider.h" />
		<Unit filename="..\vegastrike\src\cmd\collide2\Opcode.h" />
		<Unit filename="..\vegastrike\src\cmd\collide2\Stdafx.h" />
		<Unit filename="..\vegastrike\src\cmd\collide2\basecollider.h" />
		<Unit filename="..\vegastrike\src\cmd\collide2\csgeom2\opbox.cpp" />
		<Unit filename="..\vegastrike\src\cmd\collide2\csgeom2\opbox.h" />
		<Unit filename="..\vegastrike\src\cmd\collide2\csgeom2\opmath.h" />
		<Unit filename="..\vegastrike\src\cmd\collide2\csgeom2\opmatrix3.cpp" />
		<Unit filename="..\vegastrike\src\cmd\collide2\csgeom2\opmatrix3.h" />
		<Unit filename="..\vegastrike\src\cmd\collide2\csgeom2\optransfrm.h" />
		<Unit filename="..\vegastrike\src\cmd\collide2\csgeom2\optri.h" />
		<Unit filename="..\vegastrike\src\cmd\collide2\csgeom2\opvector3.cpp" />
		<Unit filename="..\vegastrike\src\cmd\collide2\csgeom2\opvector3.h" />
		<Unit filename="..\vegastrike\src\cmd\collide2\opcodealgorithms.h" />
		<Unit filename="..\vegastrike\src\cmd\collide2\opcodeextern.h" />
		<Unit filename="..\vegastrike\src\cmd\collide2\opcodegarray.h" />
		<Unit filename="..\vegastrike\src\cmd\collide2\opcodeqint.h" />
		<Unit filename="..\vegastrike\src\cmd\collide2\opcodeqsqrt.h" />
		<Unit filename="..\vegastrike\src\cmd\collide2\opcodesysdef.h" />
		<Unit filename="..\vegastrike\src\cmd\collide2\opcodetypes.h" />
		<Unit filename="..\vegastrike\src\cmd\collide2\segmentcell.h" />
		<Unit filename="..\vegastrike\src\cmd\collide\box.cpp">
			<Option target="&lt;{~None~}&gt;" />
		</Unit>
		<Unit filename="..\vegastrike\src\cmd\collide\collider.h" />
		<Unit filename="..\vegastrike\src\cmd\collide\cs_compat.h" />
		<Unit filename="..\vegastrike\src\cmd\collide\csgeom\box.h" />
		<Unit filename="..\vegastrike\src\cmd\collide\csgeom\matrix3.h" />
		<Unit filename="..\vegastrike\src\cmd\collide\csgeom\transfrm.h" />
		<Unit filename="..\vegastrike\src\cmd\collide\csgeom\vector3.h" />
		<Unit filename="..\vegastrike\src\cmd\collide\csrapid.h" />
		<Unit filename="..\vegastrike\src\cmd\collide\garray.h" />
		<Unit filename="..\vegastrike\src\cmd\collide\matrix3.cpp">
			<Option target="&lt;{~None~}&gt;" />
		</Unit>
		<Unit filename="..\vegastrike\src\cmd\collide\pbuild.cpp">
			<Option target="&lt;{~None~}&gt;" />
		</Unit>
		<Unit filename="..\vegastrike\src\cmd\collide\peigen.cpp">
			<Option target="&lt;{~None~}&gt;" />
		</Unit>
		<Unit filename="..\vegastrike\src\cmd\collide\prapid.cpp">
			<Option target="&lt;{~None~}&gt;" />
		</Unit>
		<Unit filename="..\vegastrike\src\cmd\collide\prapid.h" />
		<Unit filename="..\vegastrike\src\cmd\collide\qint.h" />
		<Unit filename="..\vegastrike\src\cmd\collide\qsqrt.h" />
		<Unit filename="..\vegastrike\src\cmd\collide\rapcol.h" />
		<Unit filename="..\vegastrike\src\cmd\collide\vector3.cpp">
			<Option target="&lt;{~None~}&gt;" />
		</Unit>
		<Unit filename="..\vegastrike\src\cmd\collide_map.cpp" />
		<Unit filename="..\vegastrike\src\cmd\collide_map.h" />
		<Unit filename="..\vegastrike\src\cmd\cont_terrain.cpp" />
		<Unit filename="..\vegastrike\src\cmd\cont_terrain.h" />
		<Unit filename="..\vegastrike\src\cmd\container.cpp" />
		<Unit filename="..\vegastrike\src\cmd\container.h" />
		<Unit filename="..\vegastrike\src\cmd\csv.cpp" />
		<Unit filename="..\vegastrike\src\cmd\csv.h" />
		<Unit filename="..\vegastrike\src\cmd\enhancement.h" />
		<Unit filename="..\vegastrike\src\cmd\enhancement_generic.h" />
		<Unit filename="..\vegastrike\src\cmd\faction_xml.cpp" />
		<Unit filename="..\vegastrike\src\cmd\fg_util.cpp" />
		<Unit filename="..\vegastrike\src\cmd\fg_util.h" />
		<Unit filename="..\vegastrike\src\cmd\images.cpp" />
		<Unit filename="..\vegastrike\src\cmd\images.h" />
		<Unit filename="..\vegastrike\src\cmd\iterator.h" />
		<Unit filename="..\vegastrike\src\cmd\key_mutable_set.h" />
		<Unit filename="..\vegastrike\src\cmd\missile.h" />
		<Unit filename="..\vegastrike\src\cmd\missile_generic.cpp" />
		<Unit filename="..\vegastrike\src\cmd\missile_generic.h" />
		<Unit filename="..\vegastrike\src\cmd\mount.cpp" />
		<Unit filename="..\vegastrike\src\cmd\music.cpp" />
		<Unit filename="..\vegastrike\src\cmd\music.h" />
		<Unit filename="..\vegastrike\src\cmd\nebula.cpp" />
		<Unit filename="..\vegastrike\src\cmd\nebula.h" />
		<Unit filename="..\vegastrike\src\cmd\nebula_generic.cpp" />
		<Unit filename="..\vegastrike\src\cmd\nebula_generic.h" />
		<Unit filename="..\vegastrike\src\cmd\pilot.cpp" />
		<Unit filename="..\vegastrike\src\cmd\pilot.h" />
		<Unit filename="..\vegastrike\src\cmd\planet.cpp" />
		<Unit filename="..\vegastrike\src\cmd\planet.h" />
		<Unit filename="..\vegastrike\src\cmd\planet_generic.cpp" />
		<Unit filename="..\vegastrike\src\cmd\planet_generic.h" />
		<Unit filename="..\vegastrike\src\cmd\role_bitmask.cpp" />
		<Unit filename="..\vegastrike\src\cmd\role_bitmask.h" />
		<Unit filename="..\vegastrike\src\cmd\script\c_alike\c_alike.h" />
		<Unit filename="..\vegastrike\src\cmd\script\c_alike\c_alike.tab.cpp" />
		<Unit filename="..\vegastrike\src\cmd\script\c_alike\c_alike.tab.cpp.h" />
		<Unit filename="..\vegastrike\src\cmd\script\c_alike\c_alike.yacc" />
		<Unit filename="..\vegastrike\src\cmd\script\c_alike\lex.yy.cpp" />
		<Unit filename="..\vegastrike\src\cmd\script\c_alike\unistd.h" />
		<Unit filename="..\vegastrike\src\cmd\script\director.cpp" />
		<Unit filename="..\vegastrike\src\cmd\script\director_generic.cpp" />
		<Unit filename="..\vegastrike\src\cmd\script\flightgroup.cpp" />
		<Unit filename="..\vegastrike\src\cmd\script\flightgroup.h" />
		<Unit filename="..\vegastrike\src\cmd\script\mission.cpp" />
		<Unit filename="..\vegastrike\src\cmd\script\mission.h" />
		<Unit filename="..\vegastrike\src\cmd\script\mission_script.cpp" />
		<Unit filename="..\vegastrike\src\cmd\script\mission_types.h" />
		<Unit filename="..\vegastrike\src\cmd\script\msgcenter.cpp" />
		<Unit filename="..\vegastrike\src\cmd\script\msgcenter.h" />
		<Unit filename="..\vegastrike\src\cmd\script\pythonmission.cpp" />
		<Unit filename="..\vegastrike\src\cmd\script\pythonmission.h" />
		<Unit filename="..\vegastrike\src\cmd\script\script_call_briefing.cpp" />
		<Unit filename="..\vegastrike\src\cmd\script\script_call_olist.cpp" />
		<Unit filename="..\vegastrike\src\cmd\script\script_call_omap.cpp" />
		<Unit filename="..\vegastrike\src\cmd\script\script_call_order.cpp" />
		<Unit filename="..\vegastrike\src\cmd\script\script_call_string.cpp" />
		<Unit filename="..\vegastrike\src\cmd\script\script_call_unit.cpp" />
		<Unit filename="..\vegastrike\src\cmd\script\script_call_unit_generic.cpp" />
		<Unit filename="..\vegastrike\src\cmd\script\script_callbacks.cpp" />
		<Unit filename="..\vegastrike\src\cmd\script\script_expression.cpp" />
		<Unit filename="..\vegastrike\src\cmd\script\script_generic.cpp" />
		<Unit filename="..\vegastrike\src\cmd\script\script_statement.cpp" />
		<Unit filename="..\vegastrike\src\cmd\script\script_util.cpp" />
		<Unit filename="..\vegastrike\src\cmd\script\script_variables.cpp" />
		<Unit filename="..\vegastrike\src\cmd\terrain.cpp" />
		<Unit filename="..\vegastrike\src\cmd\terrain.h" />
		<Unit filename="..\vegastrike\src\cmd\unit.cpp">
			<Option target="Release Win32" />
		</Unit>
		<Unit filename="..\vegastrike\src\cmd\unit.h" />
		<Unit filename="..\vegastrike\src\cmd\unit_bsp.h" />
		<Unit filename="..\vegastrike\src\cmd\unit_collide.cpp" />
		<Unit filename="..\vegastrike\src\cmd\unit_collide.h" />
		<Unit filename="..\vegastrike\src\cmd\unit_collide_debug.h" />
		<Unit filename="..\vegastrike\src\cmd\unit_const_cache.cpp" />
		<Unit filename="..\vegastrike\src\cmd\unit_const_cache.h" />
		<Unit filename="..\vegastrike\src\cmd\unit_csv.cpp" />
		<Unit filename="..\vegastrike\src\cmd\unit_factory.cpp" />
		<Unit filename="..\vegastrike\src\cmd\unit_factory.h" />
		<Unit filename="..\vegastrike\src\cmd\unit_factory_generic.cpp" />
		<Unit filename="..\vegastrike\src\cmd\unit_factory_generic.h" />
		<Unit filename="..\vegastrike\src\cmd\unit_find.h" />
		<Unit filename="..\vegastrike\src\cmd\unit_functions.cpp" />
		<Unit filename="..\vegastrike\src\cmd\unit_functions_generic.cpp" />
		<Unit filename="..\vegastrike\src\cmd\unit_generic.cpp" />
		<Unit filename="..\vegastrike\src\cmd\unit_generic.h" />
		<Unit filename="..\vegastrike\src\cmd\unit_interface.cpp" />
		<Unit filename="..\vegastrike\src\cmd\unit_interface.h" />
		<Unit filename="..\vegastrike\src\cmd\unit_util.cpp" />
		<Unit filename="..\vegastrike\src\cmd\unit_util.h" />
		<Unit filename="..\vegastrike\src\cmd\unit_util_generic.cpp" />
		<Unit filename="..\vegastrike\src\cmd\unit_xml.cpp" />
		<Unit filename="..\vegastrike\src\cmd\unit_xml.h" />
		<Unit filename="..\vegastrike\src\cmd\weapon_xml.cpp" />
		<Unit filename="..\vegastrike\src\cmd\weapon_xml.h" />
		<Unit filename="..\vegastrike\src\command.cpp" />
		<Unit filename="..\vegastrike\src\command.h" />
		<Unit filename="..\vegastrike\src\config.h" />
		<Unit filename="..\vegastrike\src\config_xml.cpp" />
		<Unit filename="..\vegastrike\src\config_xml.h" />
		<Unit filename="..\vegastrike\src\configxml.cpp" />
		<Unit filename="..\vegastrike\src\debug_vs.cpp" />
		<Unit filename="..\vegastrike\src\debug_vs.h" />
		<Unit filename="..\vegastrike\src\easydom.cpp" />
		<Unit filename="..\vegastrike\src\easydom.h" />
		<Unit filename="..\vegastrike\src\endianness.cpp" />
		<Unit filename="..\vegastrike\src\endianness.h" />
		<Unit filename="..\vegastrike\src\faction.h" />
		<Unit filename="..\vegastrike\src\faction_generic.cpp" />
		<Unit filename="..\vegastrike\src\faction_generic.h" />
		<Unit filename="..\vegastrike\src\faction_util.cpp" />
		<Unit filename="..\vegastrike\src\faction_util_generic.cpp" />
		<Unit filename="..\vegastrike\src\fastmath.cpp" />
		<Unit filename="..\vegastrike\src\ffmpeg_init.cpp" />
		<Unit filename="..\vegastrike\src\file_main.h" />
		<Unit filename="..\vegastrike\src\force_feedback.cpp" />
		<Unit filename="..\vegastrike\src\force_feedback.h" />
		<Unit filename="..\vegastrike\src\galaxy.cpp" />
		<Unit filename="..\vegastrike\src\galaxy_gen.cpp" />
		<Unit filename="..\vegastrike\src\galaxy_gen.h" />
		<Unit filename="..\vegastrike\src\galaxy_xml.cpp" />
		<Unit filename="..\vegastrike\src\galaxy_xml.h" />
		<Unit filename="..\vegastrike\src\gamemenu.cpp" />
		<Unit filename="..\vegastrike\src\gamemenu.h" />
		<Unit filename="..\vegastrike\src\gfx\ani_texture.cpp" />
		<Unit filename="..\vegastrike\src\gfx\ani_texture.h" />
		<Unit filename="..\vegastrike\src\gfx\animation.cpp" />
		<Unit filename="..\vegastrike\src\gfx\animation.h" />
		<Unit filename="..\vegastrike\src\gfx\aux_logo.cpp" />
		<Unit filename="..\vegastrike\src\gfx\aux_logo.h" />
		<Unit filename="..\vegastrike\src\gfx\aux_palette.cpp" />
		<Unit filename="..\vegastrike\src\gfx\aux_palette.h" />
		<Unit filename="..\vegastrike\src\gfx\aux_texture.cpp" />
		<Unit filename="..\vegastrike\src\gfx\aux_texture.h" />
		<Unit filename="..\vegastrike\src\gfx\background.cpp" />
		<Unit filename="..\vegastrike\src\gfx\background.h" />
		<Unit filename="..\vegastrike\src\gfx\bounding_box.h" />
		<Unit filename="..\vegastrike\src\gfx\box.h" />
		<Unit filename="..\vegastrike\src\gfx\bsp.h" />
		<Unit filename="..\vegastrike\src\gfx\camera.cpp" />
		<Unit filename="..\vegastrike\src\gfx\camera.h" />
		<Unit filename="..\vegastrike\src\gfx\car_assist.h" />
		<Unit filename="..\vegastrike\src\gfx\cockpit.cpp" />
		<Unit filename="..\vegastrike\src\gfx\cockpit.h" />
		<Unit filename="..\vegastrike\src\gfx\cockpit_generic.cpp" />
		<Unit filename="..\vegastrike\src\gfx\cockpit_generic.h" />
		<Unit filename="..\vegastrike\src\gfx\cockpit_xml.cpp" />
		<Unit filename="..\vegastrike\src\gfx\coord_select.cpp" />
		<Unit filename="..\vegastrike\src\gfx\coord_select.h" />
		<Unit filename="..\vegastrike\src\gfx\decalqueue.h" />
		<Unit filename="..\vegastrike\src\gfx\env_map_gent.cpp" />
		<Unit filename="..\vegastrike\src\gfx\env_map_gent.h" />
		<Unit filename="..\vegastrike\src\gfx\gauge.cpp" />
		<Unit filename="..\vegastrike\src\gfx\gauge.h" />
		<Unit filename="..\vegastrike\src\gfx\halo.cpp" />
		<Unit filename="..\vegastrike\src\gfx\halo.h" />
		<Unit filename="..\vegastrike\src\gfx\halo_system.cpp" />
		<Unit filename="..\vegastrike\src\gfx\halo_system.h" />
		<Unit filename="..\vegastrike\src\gfx\hud.cpp" />
		<Unit filename="..\vegastrike\src\gfx\hud.h" />
		<Unit filename="..\vegastrike\src\gfx\jpeg_memory.cpp" />
		<Unit filename="..\vegastrike\src\gfx\jpeg_memory.h" />
		<Unit filename="..\vegastrike\src\gfx\lerp.cpp" />
		<Unit filename="..\vegastrike\src\gfx\lerp.h" />
		<Unit filename="..\vegastrike\src\gfx\loc_select.cpp" />
		<Unit filename="..\vegastrike\src\gfx\loc_select.h" />
		<Unit filename="..\vegastrike\src\gfx\masks.cpp" />
		<Unit filename="..\vegastrike\src\gfx\masks.h" />
		<Unit filename="..\vegastrike\src\gfx\matrix.cpp" />
		<Unit filename="..\vegastrike\src\gfx\matrix.h" />
		<Unit filename="..\vegastrike\src\gfx\mesh.cpp" />
		<Unit filename="..\vegastrike\src\gfx\mesh.h" />
		<Unit filename="..\vegastrike\src\gfx\mesh_bin.cpp" />
		<Unit filename="..\vegastrike\src\gfx\mesh_bxm.cpp" />
		<Unit filename="..\vegastrike\src\gfx\mesh_fx.cpp" />
		<Unit filename="..\vegastrike\src\gfx\mesh_gfx.cpp" />
		<Unit filename="..\vegastrike\src\gfx\mesh_poly.cpp" />
		<Unit filename="..\vegastrike\src\gfx\mesh_xml.cpp" />
		<Unit filename="..\vegastrike\src\gfx\nav\criteria.cpp" />
		<Unit filename="..\vegastrike\src\gfx\nav\criteria.h" />
		<Unit filename="..\vegastrike\src\gfx\nav\criteria_xml.cpp" />
		<Unit filename="..\vegastrike\src\gfx\nav\drawgalaxy.cpp" />
		<Unit filename="..\vegastrike\src\gfx\nav\drawlist.cpp" />
		<Unit filename="..\vegastrike\src\gfx\nav\drawlist.h" />
		<Unit filename="..\vegastrike\src\gfx\nav\drawsystem.cpp" />
		<Unit filename="..\vegastrike\src\gfx\nav\navcomputer.cpp" />
		<Unit filename="..\vegastrike\src\gfx\nav\navcomputer.h" />
		<Unit filename="..\vegastrike\src\gfx\nav\navgetxmldata.cpp" />
		<Unit filename="..\vegastrike\src\gfx\nav\navgetxmldata.h" />
		<Unit filename="..\vegastrike\src\gfx\nav\navitemstodraw.h" />
		<Unit filename="..\vegastrike\src\gfx\nav\navitemtypes.h" />
		<Unit filename="..\vegastrike\src\gfx\nav\navparse.h" />
		<Unit filename="..\vegastrike\src\gfx\nav\navpath.cpp" />
		<Unit filename="..\vegastrike\src\gfx\nav\navpath.h" />
		<Unit filename="..\vegastrike\src\gfx\nav\navscreen.cpp" />
		<Unit filename="..\vegastrike\src\gfx\nav\navscreen.h" />
		<Unit filename="..\vegastrike\src\gfx\nav\navscreenoccupied.cpp" />
		<Unit filename="..\vegastrike\src\gfx\nav\navscreenoccupied.h" />
		<Unit filename="..\vegastrike\src\gfx\nonlinear_transform.h" />
		<Unit filename="..\vegastrike\src\gfx\particle.cpp" />
		<Unit filename="..\vegastrike\src\gfx\particle.h" />
		<Unit filename="..\vegastrike\src\gfx\pipelined_texture.cpp" />
		<Unit filename="..\vegastrike\src\gfx\pipelined_texture.h" />
		<Unit filename="..\vegastrike\src\gfx\planetary_transform.h" />
		<Unit filename="..\vegastrike\src\gfx\point_to_cam.h" />
		<Unit filename="..\vegastrike\src\gfx\quadsquare.cpp" />
		<Unit filename="..\vegastrike\src\gfx\quadsquare.h" />
		<Unit filename="..\vegastrike\src\gfx\quadsquare_cull.cpp" />
		<Unit filename="..\vegastrike\src\gfx\quadsquare_render.cpp" />
		<Unit filename="..\vegastrike\src\gfx\quadsquare_update.cpp" />
		<Unit filename="..\vegastrike\src\gfx\quadtree.cpp" />
		<Unit filename="..\vegastrike\src\gfx\quadtree.h" />
		<Unit filename="..\vegastrike\src\gfx\quadtree_xml.cpp" />
		<Unit filename="..\vegastrike\src\gfx\quaternion.cpp" />
		<Unit filename="..\vegastrike\src\gfx\quaternion.h" />
		<Unit filename="..\vegastrike\src\gfx\ring.cpp" />
		<Unit filename="..\vegastrike\src\gfx\ring.h" />
		<Unit filename="..\vegastrike\src\gfx\screenshot.cpp" />
		<Unit filename="..\vegastrike\src\gfx\screenshot.h" />
		<Unit filename="..\vegastrike\src\gfx\sphere.cpp" />
		<Unit filename="..\vegastrike\src\gfx\sphere.h" />
		<Unit filename="..\vegastrike\src\gfx\sphere_generic.cpp" />
		<Unit filename="..\vegastrike\src\gfx\sprite.cpp" />
		<Unit filename="..\vegastrike\src\gfx\sprite.h" />
		<Unit filename="..\vegastrike\src\gfx\star.cpp" />
		<Unit filename="..\vegastrike\src\gfx\star.h" />
		<Unit filename="..\vegastrike\src\gfx\technique.cpp" />
		<Unit filename="..\vegastrike\src\gfx\technique.h" />
		<Unit filename="..\vegastrike\src\gfx\tex_transform.cpp" />
		<Unit filename="..\vegastrike\src\gfx\vdu.cpp" />
		<Unit filename="..\vegastrike\src\gfx\vdu.h" />
		<Unit filename="..\vegastrike\src\gfx\vec.cpp" />
		<Unit filename="..\vegastrike\src\gfx\vec.h" />
		<Unit filename="..\vegastrike\src\gfx\vertex.h" />
		<Unit filename="..\vegastrike\src\gfx\vid_file.cpp" />
		<Unit filename="..\vegastrike\src\gfx\vid_file.h" />
		<Unit filename="..\vegastrike\src\gfx\vsbox.cpp" />
		<Unit filename="..\vegastrike\src\gfx\vsbox.h" />
		<Unit filename="..\vegastrike\src\gfx\vsimage.cpp" />
		<Unit filename="..\vegastrike\src\gfx\vsimage.h" />
		<Unit filename="..\vegastrike\src\gfx\warptrail.cpp" />
		<Unit filename="..\vegastrike\src\gfx\warptrail.h" />
		<Unit filename="..\vegastrike\src\gfx\xvector.h" />
		<Unit filename="..\vegastrike\src\gfxlib.h" />
		<Unit filename="..\vegastrike\src\gfxlib_struct.cpp" />
		<Unit filename="..\vegastrike\src\gfxlib_struct.h" />
		<Unit filename="..\vegastrike\src\gldrv\gl_clip.cpp" />
		<Unit filename="..\vegastrike\src\gldrv\gl_fog.cpp" />
		<Unit filename="..\vegastrike\src\gldrv\gl_globals.cpp" />
		<Unit filename="..\vegastrike\src\gldrv\gl_globals.h" />
		<Unit filename="..\vegastrike\src\gldrv\gl_include.h" />
		<Unit filename="..\vegastrike\src\gldrv\gl_init.cpp" />
		<Unit filename="..\vegastrike\src\gldrv\gl_init.h" />
		<Unit filename="..\vegastrike\src\gldrv\gl_light.cpp" />
		<Unit filename="..\vegastrike\src\gldrv\gl_light.h" />
		<Unit filename="..\vegastrike\src\gldrv\gl_light_pick.cpp" />
		<Unit filename="..\vegastrike\src\gldrv\gl_light_state.cpp" />
		<Unit filename="..\vegastrike\src\gldrv\gl_material.cpp" />
		<Unit filename="..\vegastrike\src\gldrv\gl_matrix.cpp" />
		<Unit filename="..\vegastrike\src\gldrv\gl_matrix.h" />
		<Unit filename="..\vegastrike\src\gldrv\gl_misc.cpp" />
		<Unit filename="..\vegastrike\src\gldrv\gl_pick.cpp" />
		<Unit filename="..\vegastrike\src\gldrv\gl_program.cpp" />
		<Unit filename="..\vegastrike\src\gldrv\gl_quad_list.cpp" />
		<Unit filename="..\vegastrike\src\gldrv\gl_sphere_list.cpp" />
		<Unit filename="..\vegastrike\src\gldrv\gl_state.cpp" />
		<Unit filename="..\vegastrike\src\gldrv\gl_texture.cpp" />
		<Unit filename="..\vegastrike\src\gldrv\gl_undefined_extensions.h" />
		<Unit filename="..\vegastrike\src\gldrv\gl_vertex_list.cpp" />
		<Unit filename="..\vegastrike\src\gldrv\glx_undefined_extensions.h" />
		<Unit filename="..\vegastrike\src\gldrv\hashtable_3d.h" />
		<Unit filename="..\vegastrike\src\gldrv\sdds.cpp" />
		<Unit filename="..\vegastrike\src\gldrv\winsys.cpp" />
		<Unit filename="..\vegastrike\src\gldrv\winsys.h" />
		<Unit filename="..\vegastrike\src\gnuhash.h" />
		<Unit filename="..\vegastrike\src\gui\button.cpp" />
		<Unit filename="..\vegastrike\src\gui\button.h" />
		<Unit filename="..\vegastrike\src\gui\control.cpp" />
		<Unit filename="..\vegastrike\src\gui\control.h" />
		<Unit filename="..\vegastrike\src\gui\eventmanager.cpp" />
		<Unit filename="..\vegastrike\src\gui\eventmanager.h" />
		<Unit filename="..\vegastrike\src\gui\eventresponder.cpp" />
		<Unit filename="..\vegastrike\src\gui\eventresponder.h" />
		<Unit filename="..\vegastrike\src\gui\font.cpp" />
		<Unit filename="..\vegastrike\src\gui\font.h" />
		<Unit filename="..\vegastrike\src\gui\glut_support.cpp" />
		<Unit filename="..\vegastrike\src\gui\glut_support.h" />
		<Unit filename="..\vegastrike\src\gui\groupcontrol.cpp" />
		<Unit filename="..\vegastrike\src\gui\groupcontrol.h" />
		<Unit filename="..\vegastrike\src\gui\guidefs.cpp" />
		<Unit filename="..\vegastrike\src\gui\guidefs.h" />
		<Unit filename="..\vegastrike\src\gui\guitexture.cpp" />
		<Unit filename="..\vegastrike\src\gui\guitexture.h" />
		<Unit filename="..\vegastrike\src\gui\modaldialog.cpp" />
		<Unit filename="..\vegastrike\src\gui\modaldialog.h" />
		<Unit filename="..\vegastrike\src\gui\newbutton.cpp" />
		<Unit filename="..\vegastrike\src\gui\newbutton.h" />
		<Unit filename="..\vegastrike\src\gui\painttext.cpp" />
		<Unit filename="..\vegastrike\src\gui\painttext.h" />
		<Unit filename="..\vegastrike\src\gui\picker.cpp" />
		<Unit filename="..\vegastrike\src\gui\picker.h" />
		<Unit filename="..\vegastrike\src\gui\scroller.cpp" />
		<Unit filename="..\vegastrike\src\gui\scroller.h" />
		<Unit filename="..\vegastrike\src\gui\simplepicker.cpp" />
		<Unit filename="..\vegastrike\src\gui\simplepicker.h" />
		<Unit filename="..\vegastrike\src\gui\slider.cpp" />
		<Unit filename="..\vegastrike\src\gui\slider.h" />
		<Unit filename="..\vegastrike\src\gui\staticdisplay.cpp" />
		<Unit filename="..\vegastrike\src\gui\staticdisplay.h" />
		<Unit filename="..\vegastrike\src\gui\text_area.cpp" />
		<Unit filename="..\vegastrike\src\gui\text_area.h" />
		<Unit filename="..\vegastrike\src\gui\textinputdisplay.cpp" />
		<Unit filename="..\vegastrike\src\gui\textinputdisplay.h" />
		<Unit filename="..\vegastrike\src\gui\window.cpp" />
		<Unit filename="..\vegastrike\src\gui\window.h" />
		<Unit filename="..\vegastrike\src\gui\windowcontroller.cpp" />
		<Unit filename="..\vegastrike\src\gui\windowcontroller.h" />
		<Unit filename="..\vegastrike\src\hashtable.cpp" />
		<Unit filename="..\vegastrike\src\hashtable.h" />
		<Unit filename="..\vegastrike\src\in.h" />
		<Unit filename="..\vegastrike\src\in_handler.h" />
		<Unit filename="..\vegastrike\src\in_joystick.cpp" />
		<Unit filename="..\vegastrike\src\in_joystick.h" />
		<Unit filename="..\vegastrike\src\in_kb.cpp" />
		<Unit filename="..\vegastrike\src\in_kb.h" />
		<Unit filename="..\vegastrike\src\in_main.cpp" />
		<Unit filename="..\vegastrike\src\in_main.h" />
		<Unit filename="..\vegastrike\src\in_mouse.cpp" />
		<Unit filename="..\vegastrike\src\in_mouse.h" />
		<Unit filename="..\vegastrike\src\in_sdl.cpp" />
		<Unit filename="..\vegastrike\src\lin_time.cpp" />
		<Unit filename="..\vegastrike\src\lin_time.h" />
		<Unit filename="..\vegastrike\src\linecollide.h" />
		<Unit filename="..\vegastrike\src\load_mission.cpp" />
		<Unit filename="..\vegastrike\src\macosx_math.cpp" />
		<Unit filename="..\vegastrike\src\macosx_math.h" />
		<Unit filename="..\vegastrike\src\main.cpp" />
		<Unit filename="..\vegastrike\src\main_loop.cpp" />
		<Unit filename="..\vegastrike\src\main_loop.h" />
		<Unit filename="..\vegastrike\src\md5.h" />
		<Unit filename="..\vegastrike\src\mission.h" />
		<Unit filename="..\vegastrike\src\networking\accountsxml.cpp" />
		<Unit filename="..\vegastrike\src\networking\accountsxml.h" />
		<Unit filename="..\vegastrike\src\networking\acctserver.h" />
		<Unit filename="..\vegastrike\src\networking\client.cpp" />
		<Unit filename="..\vegastrike\src\networking\client.h" />
		<Unit filename="..\vegastrike\src\networking\const.h" />
		<Unit filename="..\vegastrike\src\networking\cubicsplines.cpp" />
		<Unit filename="..\vegastrike\src\networking\cubicsplines.h" />
		<Unit filename="..\vegastrike\src\networking\fileutil.cpp" />
		<Unit filename="..\vegastrike\src\networking\fileutil.h" />
		<Unit filename="..\vegastrike\src\networking\inet.cpp" />
		<Unit filename="..\vegastrike\src\networking\inet.h" />
		<Unit filename="..\vegastrike\src\networking\inet_file.cpp" />
		<Unit filename="..\vegastrike\src\networking\inet_file.h" />
		<Unit filename="..\vegastrike\src\networking\lowlevel\GCPtr.h" />
		<Unit filename="..\vegastrike\src\networking\lowlevel\netbuffer.cpp" />
		<Unit filename="..\vegastrike\src\networking\lowlevel\netbuffer.h" />
		<Unit filename="..\vegastrike\src\networking\lowlevel\netui.cpp" />
		<Unit filename="..\vegastrike\src\networking\lowlevel\netui.h" />
		<Unit filename="..\vegastrike\src\networking\lowlevel\packet.cpp" />
		<Unit filename="..\vegastrike\src\networking\lowlevel\packet.h" />
		<Unit filename="..\vegastrike\src\networking\lowlevel\packetmem.cpp" />
		<Unit filename="..\vegastrike\src\networking\lowlevel\packetmem.h" />
		<Unit filename="..\vegastrike\src\networking\lowlevel\vsnet_address.cpp" />
		<Unit filename="..\vegastrike\src\networking\lowlevel\vsnet_address.h" />
		<Unit filename="..\vegastrike\src\networking\lowlevel\vsnet_clientstate.cpp" />
		<Unit filename="..\vegastrike\src\networking\lowlevel\vsnet_clientstate.h" />
		<Unit filename="..\vegastrike\src\networking\lowlevel\vsnet_cmd.cpp" />
		<Unit filename="..\vegastrike\src\networking\lowlevel\vsnet_cmd.h" />
		<Unit filename="..\vegastrike\src\networking\lowlevel\vsnet_debug.cpp" />
		<Unit filename="..\vegastrike\src\networking\lowlevel\vsnet_debug.h" />
		<Unit filename="..\vegastrike\src\networking\lowlevel\vsnet_dloadenum.cpp" />
		<Unit filename="..\vegastrike\src\networking\lowlevel\vsnet_dloadenum.h" />
		<Unit filename="..\vegastrike\src\networking\lowlevel\vsnet_dloadmgr.cpp" />
		<Unit filename="..\vegastrike\src\networking\lowlevel\vsnet_dloadmgr.h" />
		<Unit filename="..\vegastrike\src\networking\lowlevel\vsnet_err.h" />
		<Unit filename="..\vegastrike\src\networking\lowlevel\vsnet_headers.h" />
		<Unit filename="..\vegastrike\src\networking\lowlevel\vsnet_notify.cpp" />
		<Unit filename="..\vegastrike\src\networking\lowlevel\vsnet_notify.h" />
		<Unit filename="..\vegastrike\src\networking\lowlevel\vsnet_oss.cpp" />
		<Unit filename="..\vegastrike\src\networking\lowlevel\vsnet_oss.h" />
		<Unit filename="..\vegastrike\src\networking\lowlevel\vsnet_parsecmd.cpp" />
		<Unit filename="..\vegastrike\src\networking\lowlevel\vsnet_parsecmd.h" />
		<Unit filename="..\vegastrike\src\networking\lowlevel\vsnet_pipe.cpp" />
		<Unit filename="..\vegastrike\src\networking\lowlevel\vsnet_pipe.h" />
		<Unit filename="..\vegastrike\src\networking\lowlevel\vsnet_queue.h" />
		<Unit filename="..\vegastrike\src\networking\lowlevel\vsnet_serversocket.cpp" />
		<Unit filename="..\vegastrike\src\networking\lowlevel\vsnet_serversocket.h" />
		<Unit filename="..\vegastrike\src\networking\lowlevel\vsnet_socket.cpp" />
		<Unit filename="..\vegastrike\src\networking\lowlevel\vsnet_socket.h" />
		<Unit filename="..\vegastrike\src\networking\lowlevel\vsnet_socketbase.cpp" />
		<Unit filename="..\vegastrike\src\networking\lowlevel\vsnet_socketbase.h" />
		<Unit filename="..\vegastrike\src\networking\lowlevel\vsnet_socketflags.cpp" />
		<Unit filename="..\vegastrike\src\networking\lowlevel\vsnet_socketflags.h" />
		<Unit filename="..\vegastrike\src\networking\lowlevel\vsnet_sockethttp.cpp" />
		<Unit filename="..\vegastrike\src\networking\lowlevel\vsnet_sockethttp.h" />
		<Unit filename="..\vegastrike\src\networking\lowlevel\vsnet_socketset.cpp" />
		<Unit filename="..\vegastrike\src\networking\lowlevel\vsnet_socketset.h" />
		<Unit filename="..\vegastrike\src\networking\lowlevel\vsnet_sockettcp.cpp" />
		<Unit filename="..\vegastrike\src\networking\lowlevel\vsnet_sockettcp.h" />
		<Unit filename="..\vegastrike\src\networking\lowlevel\vsnet_socketudp.cpp" />
		<Unit filename="..\vegastrike\src\networking\lowlevel\vsnet_socketudp.h" />
		<Unit filename="..\vegastrike\src\networking\lowlevel\vsnet_thread.h" />
		<Unit filename="..\vegastrike\src\networking\lowlevel\vsnet_thread_non.cpp" />
		<Unit filename="..\vegastrike\src\networking\lowlevel\vsnet_thread_p.cpp" />
		<Unit filename="..\vegastrike\src\networking\lowlevel\vsnet_thread_sdl.cpp" />
		<Unit filename="..\vegastrike\src\networking\mangle.cpp" />
		<Unit filename="..\vegastrike\src\networking\mangle.h" />
		<Unit filename="..\vegastrike\src\networking\netclass.h" />
		<Unit filename="..\vegastrike\src\networking\netclient.cpp" />
		<Unit filename="..\vegastrike\src\networking\netclient.h" />
		<Unit filename="..\vegastrike\src\networking\netclient_clients.cpp" />
		<Unit filename="..\vegastrike\src\networking\netclient_devices.cpp" />
		<Unit filename="..\vegastrike\src\networking\netclient_login.cpp" />
		<Unit filename="..\vegastrike\src\networking\netserver.cpp" />
		<Unit filename="..\vegastrike\src\networking\netserver.h" />
		<Unit filename="..\vegastrike\src\networking\netserver_acct.cpp" />
		<Unit filename="..\vegastrike\src\networking\netserver_clients.cpp" />
		<Unit filename="..\vegastrike\src\networking\netserver_devices.cpp" />
		<Unit filename="..\vegastrike\src\networking\netserver_login.cpp" />
		<Unit filename="..\vegastrike\src\networking\netserver_net.cpp" />
		<Unit filename="..\vegastrike\src\networking\networkcomm.cpp" />
		<Unit filename="..\vegastrike\src\networking\networkcomm.h" />
		<Unit filename="..\vegastrike\src\networking\prediction.cpp" />
		<Unit filename="..\vegastrike\src\networking\prediction.h" />
		<Unit filename="..\vegastrike\src\networking\savenet_util.cpp" />
		<Unit filename="..\vegastrike\src\networking\savenet_util.h" />
		<Unit filename="..\vegastrike\src\networking\zonemgr.cpp" />
		<Unit filename="..\vegastrike\src\networking\zonemgr.h" />
		<Unit filename="..\vegastrike\src\options.cpp" />
		<Unit filename="..\vegastrike\src\physics.cpp" />
		<Unit filename="..\vegastrike\src\physics.h" />
		<Unit filename="..\vegastrike\src\pk3.cpp" />
		<Unit filename="..\vegastrike\src\pk3.h" />
		<Unit filename="..\vegastrike\src\posh.cpp" />
		<Unit filename="..\vegastrike\src\posh.h" />
		<Unit filename="..\vegastrike\src\profile.h" />
		<Unit filename="..\vegastrike\src\python\briefing_wrapper.cpp" />
		<Unit filename="..\vegastrike\src\python\init.cpp" />
		<Unit filename="..\vegastrike\src\python\init.h" />
		<Unit filename="..\vegastrike\src\python\python_class.h" />
		<Unit filename="..\vegastrike\src\python\python_compile.cpp" />
		<Unit filename="..\vegastrike\src\python\python_compile.h" />
		<Unit filename="..\vegastrike\src\python\python_unit_wrap.h" />
		<Unit filename="..\vegastrike\src\python\star_system_exports.h" />
		<Unit filename="..\vegastrike\src\python\unit_exports.cpp" />
		<Unit filename="..\vegastrike\src\python\unit_exports.h" />
		<Unit filename="..\vegastrike\src\python\unit_exports1.cpp" />
		<Unit filename="..\vegastrike\src\python\unit_exports2.cpp" />
		<Unit filename="..\vegastrike\src\python\unit_exports3.cpp" />
		<Unit filename="..\vegastrike\src\python\unit_from_to_python.h" />
		<Unit filename="..\vegastrike\src\python\unit_method_defs.cpp" />
		<Unit filename="..\vegastrike\src\python\unit_wrapper.cpp" />
		<Unit filename="..\vegastrike\src\python\unit_wrapper_class.h" />
		<Unit filename="..\vegastrike\src\python\universe_util_export.cpp" />
		<Unit filename="..\vegastrike\src\rendertext.cpp" />
		<Unit filename="..\vegastrike\src\rendertext.h" />
		<Unit filename="..\vegastrike\src\resizable.h" />
		<Unit filename="..\vegastrike\src\save_util.h" />
		<Unit filename="..\vegastrike\src\savegame.cpp" />
		<Unit filename="..\vegastrike\src\savegame.h" />
		<Unit filename="..\vegastrike\src\ship_commands.cpp" />
		<Unit filename="..\vegastrike\src\star_system.cpp" />
		<Unit filename="..\vegastrike\src\star_system.h" />
		<Unit filename="..\vegastrike\src\star_system_generic.cpp" />
		<Unit filename="..\vegastrike\src\star_system_generic.h" />
		<Unit filename="..\vegastrike\src\star_system_jump.cpp" />
		<Unit filename="..\vegastrike\src\star_system_xml.cpp" />
		<Unit filename="..\vegastrike\src\stardate.cpp" />
		<Unit filename="..\vegastrike\src\stardate.h" />
		<Unit filename="..\vegastrike\src\universe.cpp" />
		<Unit filename="..\vegastrike\src\universe.h" />
		<Unit filename="..\vegastrike\src\universe_generic.cpp" />
		<Unit filename="..\vegastrike\src\universe_generic.h" />
		<Unit filename="..\vegastrike\src\universe_util.cpp" />
		<Unit filename="..\vegastrike\src\universe_util.h" />
		<Unit filename="..\vegastrike\src\universe_util_generic.cpp" />
		<Unit filename="..\vegastrike\src\vegastrike.h" />
		<Unit filename="..\vegastrike\src\vs_globals.cpp" />
		<Unit filename="..\vegastrike\src\vs_globals.h" />
		<Unit filename="..\vegastrike\src\vs_path.h" />
		<Unit filename="..\vegastrike\src\vsfilesystem.cpp" />
		<Unit filename="..\vegastrike\src\vsfilesystem.h" />
		<Unit filename="..\vegastrike\src\xml_serializer.cpp" />
		<Unit filename="..\vegastrike\src\xml_serializer.h" />
		<Unit filename="..\vegastrike\src\xml_support.cpp" />
		<Unit filename="..\vegastrike\src\xml_support.h" />
		<Unit filename="..\vegastrike\vega.ico" />
		<Extensions>
			<code_completion />
			<debugger />
		</Extensions>
	</Project>
</CodeBlocks_project_file>
